// !$*UTF8*$!
{
	archiveVersion = 1;
	classes = {
	};
	objectVersion = 77;
	objects = {

/* Begin PBXBuildFile section */
		118520E77B5FCEE25FC00663 /* AppDelegate.swift in Sources */ = {isa = PBXBuildFile; fileRef = 3955CA0E5F1D8B48FA0D5C76 /* AppDelegate.swift */; };
		17E87A02A61E0702FD6449E8 /* ContentView.swift in Sources */ = {isa = PBXBuildFile; fileRef = 80D8DB3AB22966206517C70F /* ContentView.swift */; };
		39B12DEF6B1FF44C089707E6 /* KeyboardService.swift in Sources */ = {isa = PBXBuildFile; fileRef = BB2856E4008DD751136C6955 /* KeyboardService.swift */; };
		3C3E852B2628FB4D473E2221 /* SpeechService.swift in Sources */ = {isa = PBXBuildFile; fileRef = EAA5F4DA72A994327C1E9C2B /* SpeechService.swift */; };
		60C395E08E0E5D7E1CA97480 /* HotKeyService.swift in Sources */ = {isa = PBXBuildFile; fileRef = 876CF505EC5F976A23DF7E41 /* HotKeyService.swift */; };
		6961E4E359D5B549762C359E /* NotificationService.swift in Sources */ = {isa = PBXBuildFile; fileRef = E3C7B49D7F245B7BFE04FD46 /* NotificationService.swift */; };
		863C055EDBACD95ECEB8F0C5 /* main.swift in Sources */ = {isa = PBXBuildFile; fileRef = 6D34239B1DE4FD221AA22A2D /* main.swift */; };
		8C1F59F1AA0131173FEAB075 /* Assets.xcassets in Resources */ = {isa = PBXBuildFile; fileRef = C35543EA1D8AA432D86247B2 /* Assets.xcassets */; };
		B8372AFE48FCAFB291241A9C /* Color+Hex.swift in Sources */ = {isa = PBXBuildFile; fileRef = 9E81D41BC1FDD9172B9D55D6 /* Color+Hex.swift */; };
		C14DC1DF60AE5E90903F589B /* MiniMaxService.swift in Sources */ = {isa = PBXBuildFile; fileRef = F8679A79BD60AE28D9BD1F79 /* MiniMaxService.swift */; };
/* End PBXBuildFile section */

/* Begin PBXFileReference section */
		2FA57F0A31DC35BC7A615EA5 /* Spoken.app */ = {isa = PBXFileReference; explicitFileType = wrapper.application; includeInIndex = 0; path = Spoken.app; sourceTree = BUILT_PRODUCTS_DIR; };
		3955CA0E5F1D8B48FA0D5C76 /* AppDelegate.swift */ = {isa = PBXFileReference; lastKnownFileType = sourcecode.swift; path = AppDelegate.swift; sourceTree = "<group>"; };
		671510E42D3AB924CD2B48D4 /* Spoken.entitlements */ = {isa = PBXFileReference; lastKnownFileType = text.plist.entitlements; path = Spoken.entitlements; sourceTree = "<group>"; };
		6D34239B1DE4FD221AA22A2D /* main.swift */ = {isa = PBXFileReference; lastKnownFileType = sourcecode.swift; path = main.swift; sourceTree = "<group>"; };
		76F4A99A2E36BB4C4068A3D6 /* Info.plist */ = {isa = PBXFileReference; lastKnownFileType = text.plist; path = Info.plist; sourceTree = "<group>"; };
		80D8DB3AB22966206517C70F /* ContentView.swift */ = {isa = PBXFileReference; lastKnownFileType = sourcecode.swift; path = ContentView.swift; sourceTree = "<group>"; };
		876CF505EC5F976A23DF7E41 /* HotKeyService.swift */ = {isa = PBXFileReference; lastKnownFileType = sourcecode.swift; path = HotKeyService.swift; sourceTree = "<group>"; };
		9E81D41BC1FDD9172B9D55D6 /* Color+Hex.swift */ = {isa = PBXFileReference; lastKnownFileType = sourcecode.swift; path = "Color+Hex.swift"; sourceTree = "<group>"; };
		BB2856E4008DD751136C6955 /* KeyboardService.swift */ = {isa = PBXFileReference; lastKnownFileType = sourcecode.swift; path = KeyboardService.swift; sourceTree = "<group>"; };
		C35543EA1D8AA432D86247B2 /* Assets.xcassets */ = {isa = PBXFileReference; lastKnownFileType = folder.assetcatalog; path = Assets.xcassets; sourceTree = "<group>"; };
		E3C7B49D7F245B7BFE04FD46 /* NotificationService.swift */ = {isa = PBXFileReference; lastKnownFileType = sourcecode.swift; path = NotificationService.swift; sourceTree = "<group>"; };
		EAA5F4DA72A994327C1E9C2B /* SpeechService.swift */ = {isa = PBXFileReference; lastKnownFileType = sourcecode.swift; path = SpeechService.swift; sourceTree = "<group>"; };
		F8679A79BD60AE28D9BD1F79 /* MiniMaxService.swift */ = {isa = PBXFileReference; lastKnownFileType = sourcecode.swift; path = MiniMaxService.swift; sourceTree = "<group>"; };
/* End PBXFileReference section */

/* Begin PBXGroup section */
		1B8A6F544698795D23DDDFE2 /* Services */ = {
			isa = PBXGroup;
			children = (
				876CF505EC5F976A23DF7E41 /* HotKeyService.swift */,
				BB2856E4008DD751136C6955 /* KeyboardService.swift */,
				F8679A79BD60AE28D9BD1F79 /* MiniMaxService.swift */,
				E3C7B49D7F245B7BFE04FD46 /* NotificationService.swift */,
				EAA5F4DA72A994327C1E9C2B /* SpeechService.swift */,
			);
			path = Services;
			sourceTree = "<group>";
		};
		59314A0CE2CB24AA8572D534 /* App */ = {
			isa = PBXGroup;
			children = (
				3955CA0E5F1D8B48FA0D5C76 /* AppDelegate.swift */,
				6D34239B1DE4FD221AA22A2D /* main.swift */,
			);
			path = App;
			sourceTree = "<group>";
		};
		8925AE968B99902E31F11BA0 /* Products */ = {
			isa = PBXGroup;
			children = (
				2FA57F0A31DC35BC7A615EA5 /* Spoken.app */,
			);
			name = Products;
			sourceTree = "<group>";
		};
		9462C8E31A4CDA14B1302CE8 = {
			isa = PBXGroup;
			children = (
				B243910291B46417F289FFCC /* Spoken */,
				8925AE968B99902E31F11BA0 /* Products */,
			);
			sourceTree = "<group>";
		};
		B0C0D1C4B0F3D73A76AAE6CA /* Views */ = {
			isa = PBXGroup;
			children = (
				80D8DB3AB22966206517C70F /* ContentView.swift */,
			);
			path = Views;
			sourceTree = "<group>";
		};
		B243910291B46417F289FFCC /* Spoken */ = {
			isa = PBXGroup;
			children = (
				C35543EA1D8AA432D86247B2 /* Assets.xcassets */,
				76F4A99A2E36BB4C4068A3D6 /* Info.plist */,
				671510E42D3AB924CD2B48D4 /* Spoken.entitlements */,
				59314A0CE2CB24AA8572D534 /* App */,
				E71E4302A54EB2020F6650EF /* Extensions */,
				F5DCD5DBCD37A93D4DB53B72 /* Models */,
				1B8A6F544698795D23DDDFE2 /* Services */,
				B0C0D1C4B0F3D73A76AAE6CA /* Views */,
			);
			path = Spoken;
			sourceTree = "<group>";
		};
		E71E4302A54EB2020F6650EF /* Extensions */ = {
			isa = PBXGroup;
			children = (
				9E81D41BC1FDD9172B9D55D6 /* Color+Hex.swift */,
			);
			path = Extensions;
			sourceTree = "<group>";
		};
		F5DCD5DBCD37A93D4DB53B72 /* Models */ = {
			isa = PBXGroup;
			children = (
			);
			path = Models;
			sourceTree = "<group>";
		};
/* End PBXGroup section */

/* Begin PBXNativeTarget section */
		2E3DEA84ECAA7F6C844FAFFA /* Spoken */ = {
			isa = PBXNativeTarget;
			buildConfigurationList = 02A403ADA7CD8639DBC22E96 /* Build configuration list for PBXNativeTarget "Spoken" */;
			buildPhases = (
				1284D92D0C654FD06ECE47B8 /* Sources */,
				AC40C90ED8AA0992841FF83C /* Resources */,
			);
			buildRules = (
			);
			dependencies = (
			);
			name = Spoken;
			packageProductDependencies = (
			);
			productName = Spoken;
			productReference = 2FA57F0A31DC35BC7A615EA5 /* Spoken.app */;
			productType = "com.apple.product-type.application";
		};
/* End PBXNativeTarget section */

/* Begin PBXProject section */
		F5DCD7FE19877DC13B2624BB /* Project object */ = {
			isa = PBXProject;
			attributes = {
				BuildIndependentTargetsInParallel = YES;
				LastUpgradeCheck = 1500;
				TargetAttributes = {
					2E3DEA84ECAA7F6C844FAFFA = {
						DevelopmentTeam = "";
						ProvisioningStyle = Manual;
					};
				};
			};
			buildConfigurationList = 62C04085F9189476FD8852B2 /* Build configuration list for PBXProject "Spoken" */;
			developmentRegion = en;
			hasScannedForEncodings = 0;
			knownRegions = (
				Base,
				en,
			);
			mainGroup = 9462C8E31A4CDA14B1302CE8;
			minimizedProjectReferenceProxies = 1;
			preferredProjectObjectVersion = 77;
			productRefGroup = 8925AE968B99902E31F11BA0 /* Products */;
			projectDirPath = "";
			projectRoot = "";
			targets = (
				2E3DEA84ECAA7F6C844FAFFA /* Spoken */,
			);
		};
/* End PBXProject section */

/* Begin PBXResourcesBuildPhase section */
		AC40C90ED8AA0992841FF83C /* Resources */ = {
			isa = PBXResourcesBuildPhase;
			buildActionMask = 2147483647;
			files = (
				8C1F59F1AA0131173FEAB075 /* Assets.xcassets in Resources */,
			);
			runOnlyForDeploymentPostprocessing = 0;
		};
/* End PBXResourcesBuildPhase section */

/* Begin PBXSourcesBuildPhase section */
		1284D92D0C654FD06ECE47B8 /* Sources */ = {
			isa = PBXSourcesBuildPhase;
			buildActionMask = 2147483647;
			files = (
				118520E77B5FCEE25FC00663 /* AppDelegate.swift in Sources */,
				B8372AFE48FCAFB291241A9C /* Color+Hex.swift in Sources */,
				17E87A02A61E0702FD6449E8 /* ContentView.swift in Sources */,
				60C395E08E0E5D7E1CA97480 /* HotKeyService.swift in Sources */,
				39B12DEF6B1FF44C089707E6 /* KeyboardService.swift in Sources */,
				C14DC1DF60AE5E90903F589B /* MiniMaxService.swift in Sources */,
				6961E4E359D5B549762C359E /* NotificationService.swift in Sources */,
				3C3E852B2628FB4D473E2221 /* SpeechService.swift in Sources */,
				863C055EDBACD95ECEB8F0C5 /* main.swift in Sources */,
			);
			runOnlyForDeploymentPostprocessing = 0;
		};
/* End PBXSourcesBuildPhase section */

/* Begin XCBuildConfiguration section */
		00223FBA628CD432E268407B /* Debug */ = {
			isa = XCBuildConfiguration;
			buildSettings = {
				ALWAYS_SEARCH_USER_PATHS = NO;
				CLANG_ANALYZER_NONNULL = YES;
				CLANG_ANALYZER_NUMBER_OBJECT_CONVERSION = YES_AGGRESSIVE;
				CLANG_CXX_LANGUAGE_STANDARD = "gnu++14";
				CLANG_CXX_LIBRARY = "libc++";
				CLANG_ENABLE_MODULES = YES;
				CLANG_ENABLE_OBJC_ARC = YES;
				CLANG_ENABLE_OBJC_WEAK = YES;
				CLANG_WARN_BLOCK_CAPTURE_AUTORELEASING = YES;
				CLANG_WARN_BOOL_CONVERSION = YES;
				CLANG_WARN_COMMA = YES;
				CLANG_WARN_CONSTANT_CONVERSION = YES;
				CLANG_WARN_DEPRECATED_OBJC_IMPLEMENTATIONS = YES;
				CLANG_WARN_DIRECT_OBJC_ISA_USAGE = YES_ERROR;
				CLANG_WARN_DOCUMENTATION_COMMENTS = YES;
				CLANG_WARN_EMPTY_BODY = YES;
				CLANG_WARN_ENUM_CONVERSION = YES;
				CLANG_WARN_INFINITE_RECURSION = YES;
				CLANG_WARN_INT_CONVERSION = YES;
				CLANG_WARN_NON_LITERAL_NULL_CONVERSION = YES;
				CLANG_WARN_OBJC_IMPLICIT_RETAIN_SELF = YES;
				CLANG_WARN_OBJC_LITERAL_CONVERSION = YES;
				CLANG_WARN_OBJC_ROOT_CLASS = YES_ERROR;
				CLANG_WARN_QUOTED_INCLUDE_IN_FRAMEWORK_HEADER = YES;
				CLANG_WARN_RANGE_LOOP_ANALYSIS = YES;
				CLANG_WARN_STRICT_PROTOTYPES = YES;
				CLANG_WARN_SUSPICIOUS_MOVE = YES;
				CLANG_WARN_UNGUARDED_AVAILABILITY = YES_AGGRESSIVE;
				CLANG_WARN_UNREACHABLE_CODE = YES;
				CLANG_WARN__DUPLICATE_METHOD_MATCH = YES;
				CODE_SIGN_IDENTITY = "-";
				CODE_SIGN_STYLE = Manual;
				COPY_PHASE_STRIP = NO;
				CURRENT_PROJECT_VERSION = 1;
				DEBUG_INFORMATION_FORMAT = dwarf;
				DEVELOPMENT_TEAM = "";
				ENABLE_HARDENED_RUNTIME = YES;
				ENABLE_STRICT_OBJC_MSGSEND = YES;
				ENABLE_TESTABILITY = YES;
				GCC_C_LANGUAGE_STANDARD = gnu11;
				GCC_DYNAMIC_NO_PIC = NO;
				GCC_NO_COMMON_BLOCKS = YES;
				GCC_OPTIMIZATION_LEVEL = 0;
				GCC_PREPROCESSOR_DEFINITIONS = (
					"$(inherited)",
					"DEBUG=1",
				);
				GCC_WARN_64_TO_32_BIT_CONVERSION = YES;
				GCC_WARN_ABOUT_RETURN_TYPE = YES_ERROR;
				GCC_WARN_UNDECLARED_SELECTOR = YES;
				GCC_WARN_UNINITIALIZED_AUTOS = YES_AGGRESSIVE;
				GCC_WARN_UNUSED_FUNCTION = YES;
				GCC_WARN_UNUSED_VARIABLE = YES;
				MACOSX_DEPLOYMENT_TARGET = 14.0;
				MARKETING_VERSION = 0.1.0;
				MTL_ENABLE_DEBUG_INFO = INCLUDE_SOURCE;
				MTL_FAST_MATH = YES;
				ONLY_ACTIVE_ARCH = YES;
				PRODUCT_NAME = Spoken;
				SDKROOT = macosx;
				SWIFT_ACTIVE_COMPILATION_CONDITIONS = DEBUG;
				SWIFT_OPTIMIZATION_LEVEL = "-Onone";
				SWIFT_VERSION = 5.9;
			};
			name = Debug;
		};
		059B53DFD7847CCC52EF3106 /* Release */ = {
			isa = XCBuildConfiguration;
			buildSettings = {
				ASSETCATALOG_COMPILER_APPICON_NAME = AppIcon;
				CODE_SIGN_ENTITLEMENTS = Spoken/Spoken.entitlements;
				COMBINE_HIDPI_IMAGES = YES;
				ENABLE_APP_SANDBOX = NO;
				INFOPLIST_FILE = Spoken/Info.plist;
				LD_RUNPATH_SEARCH_PATHS = "$(inherited) @executable_path/../Frameworks";
				PRODUCT_BUNDLE_IDENTIFIER = com.moss.spoken;
				SDKROOT = macosx;
			};
			name = Release;
		};
		0FB0372F7E0DCD69C5AC1CC4 /* Release */ = {
			isa = XCBuildConfiguration;
			buildSettings = {
				ALWAYS_SEARCH_USER_PATHS = NO;
				CLANG_ANALYZER_NONNULL = YES;
				CLANG_ANALYZER_NUMBER_OBJECT_CONVERSION = YES_AGGRESSIVE;
				CLANG_CXX_LANGUAGE_STANDARD = "gnu++14";
				CLANG_CXX_LIBRARY = "libc++";
				CLANG_ENABLE_MODULES = YES;
				CLANG_ENABLE_OBJC_ARC = YES;
				CLANG_ENABLE_OBJC_WEAK = YES;
				CLANG_WARN_BLOCK_CAPTURE_AUTORELEASING = YES;
				CLANG_WARN_BOOL_CONVERSION = YES;
				CLANG_WARN_COMMA = YES;
				CLANG_WARN_CONSTANT_CONVERSION = YES;
				CLANG_WARN_DEPRECATED_OBJC_IMPLEMENTATIONS = YES;
				CLANG_WARN_DIRECT_OBJC_ISA_USAGE = YES_ERROR;
				CLANG_WARN_DOCUMENTATION_COMMENTS = YES;
				CLANG_WARN_EMPTY_BODY = YES;
				CLANG_WARN_ENUM_CONVERSION = YES;
				CLANG_WARN_INFINITE_RECURSION = YES;
				CLANG_WARN_INT_CONVERSION = YES;
				CLANG_WARN_NON_LITERAL_NULL_CONVERSION = YES;
				CLANG_WARN_OBJC_IMPLICIT_RETAIN_SELF = YES;
				CLANG_WARN_OBJC_LITERAL_CONVERSION = YES;
				CLANG_WARN_OBJC_ROOT_CLASS = YES_ERROR;
				CLANG_WARN_QUOTED_INCLUDE_IN_FRAMEWORK_HEADER = YES;
				CLANG_WARN_RANGE_LOOP_ANALYSIS = YES;
				CLANG_WARN_STRICT_PROTOTYPES = YES;
				CLANG_WARN_SUSPICIOUS_MOVE = YES;
				CLANG_WARN_UNGUARDED_AVAILABILITY = YES_AGGRESSIVE;
				CLANG_WARN_UNREACHABLE_CODE = YES;
				CLANG_WARN__DUPLICATE_METHOD_MATCH = YES;
				CODE_SIGN_IDENTITY = "-";
				CODE_SIGN_STYLE = Manual;
				COPY_PHASE_STRIP = NO;
				CURRENT_PROJECT_VERSION = 1;
				DEBUG_INFORMATION_FORMAT = "dwarf-with-dsym";
				DEVELOPMENT_TEAM = "";
				ENABLE_HARDENED_RUNTIME = YES;
				ENABLE_NS_ASSERTIONS = NO;
				ENABLE_STRICT_OBJC_MSGSEND = YES;
				GCC_C_LANGUAGE_STANDARD = gnu11;
				GCC_NO_COMMON_BLOCKS = YES;
				GCC_WARN_64_TO_32_BIT_CONVERSION = YES;
				GCC_WARN_ABOUT_RETURN_TYPE = YES_ERROR;
				GCC_WARN_UNDECLARED_SELECTOR = YES;
				GCC_WARN_UNINITIALIZED_AUTOS = YES_AGGRESSIVE;
				GCC_WARN_UNUSED_FUNCTION = YES;
				GCC_WARN_UNUSED_VARIABLE = YES;
				MACOSX_DEPLOYMENT_TARGET = 14.0;
				MARKETING_VERSION = 0.1.0;
				MTL_ENABLE_DEBUG_INFO = NO;
				MTL_FAST_MATH = YES;
				PRODUCT_NAME = Spoken;
				SDKROOT = macosx;
				SWIFT_COMPILATION_MODE = wholemodule;
				SWIFT_OPTIMIZATION_LEVEL = "-O";
				SWIFT_VERSION = 5.9;
			};
			name = Release;
		};
		4B8844395A751B76B2BE415A /* Debug */ = {
			isa = XCBuildConfiguration;
			buildSettings = {
				ASSETCATALOG_COMPILER_APPICON_NAME = AppIcon;
				CODE_SIGN_ENTITLEMENTS = Spoken/Spoken.entitlements;
				COMBINE_HIDPI_IMAGES = YES;
				ENABLE_APP_SANDBOX = NO;
				INFOPLIST_FILE = Spoken/Info.plist;
				LD_RUNPATH_SEARCH_PATHS = "$(inherited) @executable_path/../Frameworks";
				PRODUCT_BUNDLE_IDENTIFIER = com.moss.spoken;
				SDKROOT = macosx;
			};
			name = Debug;
		};
/* End XCBuildConfiguration section */

/* Begin XCConfigurationList section */
		02A403ADA7CD8639DBC22E96 /* Build configuration list for PBXNativeTarget "Spoken" */ = {
			isa = XCConfigurationList;
			buildConfigurations = (
				4B8844395A751B76B2BE415A /* Debug */,
				059B53DFD7847CCC52EF3106 /* Release */,
			);
			defaultConfigurationIsVisible = 0;
			defaultConfigurationName = Debug;
		};
		62C04085F9189476FD8852B2 /* Build configuration list for PBXProject "Spoken" */ = {
			isa = XCConfigurationList;
			buildConfigurations = (
				00223FBA628CD432E268407B /* Debug */,
				0FB0372F7E0DCD69C5AC1CC4 /* Release */,
			);
			defaultConfigurationIsVisible = 0;
			defaultConfigurationName = Debug;
		};
/* End XCConfigurationList section */
	};
	rootObject = F5DCD7FE19877DC13B2624BB /* Project object */;
}
